
Microsoft Visual Studio Solution File, Format Version 12.00
# Visual Studio 2012
Project("{FAE04EC0-301F-11D3-BF4B-00C04F79EFBC}") = "FlickFun", "FlickFun\FlickFun.csproj", "{2ABAA1F6-24F9-4584-A081-43BFE6311E4E}"
EndProject
Project("{FAE04EC0-301F-11D3-BF4B-00C04F79EFBC}") = "FlickFun.iOS", "iOS\FlickFun.iOS.csproj", "{09ABF05C-20B2-4AED-A803-45B008091DA6}"
EndProject
Project("{FAE04EC0-301F-11D3-BF4B-00C04F79EFBC}") = "FlickFun.Droid", "Droid\FlickFun.Droid.csproj", "{C3C77018-C619-4687-8B24-76B2F7155871}"
EndProject
Global
	GlobalSection(SolutionConfigurationPlatforms) = preSolution
		Debug|Any CPU = Debug|Any CPU
		Release|Any CPU = Release|Any CPU
		Debug|iPhoneSimulator = Debug|iPhoneSimulator
		Release|iPhone = Release|iPhone
		Release|iPhoneSimulator = Release|iPhoneSimulator
		Debug|iPhone = Debug|iPhone
	EndGlobalSection
	GlobalSection(ProjectConfigurationPlatforms) = postSolution
		{2ABAA1F6-24F9-4584-A081-43BFE6311E4E}.Debug|Any CPU.ActiveCfg = Debug|Any CPU
		{2ABAA1F6-24F9-4584-A081-43BFE6311E4E}.Debug|Any CPU.Build.0 = Debug|Any CPU
		{2ABAA1F6-24F9-4584-A081-43BFE6311E4E}.Release|Any CPU.ActiveCfg = Release|Any CPU
		{2ABAA1F6-24F9-4584-A081-43BFE6311E4E}.Release|Any CPU.Build.0 = Release|Any CPU
		{2ABAA1F6-24F9-4584-A081-43BFE6311E4E}.Debug|iPhoneSimulator.ActiveCfg = Debug|Any CPU
		{2ABAA1F6-24F9-4584-A081-43BFE6311E4E}.Debug|iPhoneSimulator.Build.0 = Debug|Any CPU
		{2ABAA1F6-24F9-4584-A081-43BFE6311E4E}.Release|iPhone.ActiveCfg = Release|Any CPU
		{2ABAA1F6-24F9-4584-A081-43BFE6311E4E}.Release|iPhone.Build.0 = Release|Any CPU
		{2ABAA1F6-24F9-4584-A081-43BFE6311E4E}.Release|iPhoneSimulator.ActiveCfg = Release|Any CPU
		{2ABAA1F6-24F9-4584-A081-43BFE6311E4E}.Release|iPhoneSimulator.Build.0 = Release|Any CPU
		{2ABAA1F6-24F9-4584-A081-43BFE6311E4E}.Debug|iPhone.ActiveCfg = Debug|Any CPU
		{2ABAA1F6-24F9-4584-A081-43BFE6311E4E}.Debug|iPhone.Build.0 = Debug|Any CPU
		{09ABF05C-20B2-4AED-A803-45B008091DA6}.Debug|Any CPU.ActiveCfg = Debug|iPhoneSimulator
		{09ABF05C-20B2-4AED-A803-45B008091DA6}.Debug|Any CPU.Build.0 = Debug|iPhoneSimulator
		{09ABF05C-20B2-4AED-A803-45B008091DA6}.Release|Any CPU.ActiveCfg = Debug|iPhoneSimulator
		{09ABF05C-20B2-4AED-A803-45B008091DA6}.Release|Any CPU.Build.0 = Debug|iPhoneSimulator
		{09ABF05C-20B2-4AED-A803-45B008091DA6}.Debug|iPhoneSimulator.ActiveCfg = Debug|iPhoneSimulator
		{09ABF05C-20B2-4AED-A803-45B008091DA6}.Debug|iPhoneSimulator.Build.0 = Debug|iPhoneSimulator
		{09ABF05C-20B2-4AED-A803-45B008091DA6}.Release|iPhone.ActiveCfg = Release|iPhone
		{09ABF05C-20B2-4AED-A803-45B008091DA6}.Release|iPhone.Build.0 = Release|iPhone
		{09ABF05C-20B2-4AED-A803-45B008091DA6}.Release|iPhoneSimulator.ActiveCfg = Release|iPhoneSimulator
		{09ABF05C-20B2-4AED-A803-45B008091DA6}.Release|iPhoneSimulator.Build.0 = Release|iPhoneSimulator
		{09ABF05C-20B2-4AED-A803-45B008091DA6}.Debug|iPhone.ActiveCfg = Debug|iPhone
		{09ABF05C-20B2-4AED-A803-45B008091DA6}.Debug|iPhone.Build.0 = Debug|iPhone
		{C3C77018-C619-4687-8B24-76B2F7155871}.Debug|Any CPU.ActiveCfg = Debug|Any CPU
		{C3C77018-C619-4687-8B24-76B2F7155871}.Debug|Any CPU.Build.0 = Debug|Any CPU
		{C3C77018-C619-4687-8B24-76B2F7155871}.Release|Any CPU.ActiveCfg = Release|Any CPU
		{C3C77018-C619-4687-8B24-76B2F7155871}.Release|Any CPU.Build.0 = Release|Any CPU
		{C3C77018-C619-4687-8B24-76B2F7155871}.Debug|iPhoneSimulator.ActiveCfg = Debug|Any CPU
		{C3C77018-C619-4687-8B24-76B2F7155871}.Debug|iPhoneSimulator.Build.0 = Debug|Any CPU
		{C3C77018-C619-4687-8B24-76B2F7155871}.Release|iPhone.ActiveCfg = Release|Any CPU
		{C3C77018-C619-4687-8B24-76B2F7155871}.Release|iPhone.Build.0 = Release|Any CPU
		{C3C77018-C619-4687-8B24-76B2F7155871}.Release|iPhoneSimulator.ActiveCfg = Release|Any CPU
		{C3C77018-C619-4687-8B24-76B2F7155871}.Release|iPhoneSimulator.Build.0 = Release|Any CPU
		{C3C77018-C619-4687-8B24-76B2F7155871}.Debug|iPhone.ActiveCfg = Debug|Any CPU
		{C3C77018-C619-4687-8B24-76B2F7155871}.Debug|iPhone.Build.0 = Debug|Any CPU
	EndGlobalSection
EndGlobal
